
Microsoft Visual Studio Solution File, Format Version 12.00
# Visual Studio Version 17
VisualStudioVersion = 17.0.31903.59
MinimumVisualStudioVersion = 10.0.40219.1
Project("{2150E333-8FDC-42A3-9474-1A3956D46DE8}") = "Backend", "Backend", "{7B054F76-C145-4EF5-8406-879E4ABF0DEC}"
EndProject
Project("{FAE04EC0-301F-11D3-BF4B-00C04F79EFBC}") = "ECommerse.Api", "Backend\ECommerse.Api\ECommerse.Api.csproj", "{DE714241-FA40-44EA-B0BF-940124D8D1B0}"
EndProject
Project("{2150E333-8FDC-42A3-9474-1A3956D46DE8}") = "Frontend", "Frontend", "{01C8E087-144F-467C-A2FB-8C987331AD9E}"
EndProject
Project("{FAE04EC0-301F-11D3-BF4B-00C04F79EFBC}") = "ECommerse.Gui", "Frontend\ECommerse.Gui\ECommerse.Gui.csproj", "{8A4CAEB4-10B9-4FF6-8704-7FB4886DC796}"
EndProject
Global
	GlobalSection(SolutionConfigurationPlatforms) = preSolution
		Debug|Any CPU = Debug|Any CPU
		Release|Any CPU = Release|Any CPU
	EndGlobalSection
	GlobalSection(SolutionProperties) = preSolution
		HideSolutionNode = FALSE
	EndGlobalSection
	GlobalSection(ProjectConfigurationPlatforms) = postSolution
		{DE714241-FA40-44EA-B0BF-940124D8D1B0}.Debug|Any CPU.ActiveCfg = Debug|Any CPU
		{DE714241-FA40-44EA-B0BF-940124D8D1B0}.Debug|Any CPU.Build.0 = Debug|Any CPU
		{DE714241-FA40-44EA-B0BF-940124D8D1B0}.Release|Any CPU.ActiveCfg = Release|Any CPU
		{DE714241-FA40-44EA-B0BF-940124D8D1B0}.Release|Any CPU.Build.0 = Release|Any CPU
		{8A4CAEB4-10B9-4FF6-8704-7FB4886DC796}.Debug|Any CPU.ActiveCfg = Debug|Any CPU
		{8A4CAEB4-10B9-4FF6-8704-7FB4886DC796}.Debug|Any CPU.Build.0 = Debug|Any CPU
		{8A4CAEB4-10B9-4FF6-8704-7FB4886DC796}.Release|Any CPU.ActiveCfg = Release|Any CPU
		{8A4CAEB4-10B9-4FF6-8704-7FB4886DC796}.Release|Any CPU.Build.0 = Release|Any CPU
	EndGlobalSection
	GlobalSection(NestedProjects) = preSolution
		{DE714241-FA40-44EA-B0BF-940124D8D1B0} = {7B054F76-C145-4EF5-8406-879E4ABF0DEC}
		{8A4CAEB4-10B9-4FF6-8704-7FB4886DC796} = {01C8E087-144F-467C-A2FB-8C987331AD9E}
	EndGlobalSection
EndGlobal
